
Microsoft Visual Studio Solution File, Format Version 12.00
# Visual Studio 15
VisualStudioVersion = 15.0.26430.16
MinimumVisualStudioVersion = 10.0.40219.1
Project("{D954291E-2A0B-460D-934E-DC6B0785DB48}") = "App1", "App1\App1\App1.shproj", "{3F4DCD5F-A28A-457F-9CED-A5ED56C732AD}"
EndProject
Project("{FAE04EC0-301F-11D3-BF4B-00C04F79EFBC}") = "App1.Android", "App1\App1.Android\App1.Android.csproj", "{B3132BF3-70AF-47D4-B203-1F38D9B79CFF}"
EndProject
Project("{FAE04EC0-301F-11D3-BF4B-00C04F79EFBC}") = "App1.iOS", "App1\App1.iOS\App1.iOS.csproj", "{7E107432-71CC-4890-800D-23B2A051A61B}"
EndProject
Project("{FAE04EC0-301F-11D3-BF4B-00C04F79EFBC}") = "App1.UWP", "App1\App1.UWP\App1.UWP.csproj", "{C242F6B1-9CEC-4FF4-B9E1-C7395F1F4014}"
EndProject
Global
	GlobalSection(SharedMSBuildProjectFiles) = preSolution
		App1\App1\App1.projitems*{3f4dcd5f-a28a-457f-9ced-a5ed56c732ad}*SharedItemsImports = 13
		App1\App1\App1.projitems*{7e107432-71cc-4890-800d-23b2a051a61b}*SharedItemsImports = 4
		App1\App1\App1.projitems*{b3132bf3-70af-47d4-b203-1f38d9b79cff}*SharedItemsImports = 4
		App1\App1\App1.projitems*{c242f6b1-9cec-4ff4-b9e1-c7395f1f4014}*SharedItemsImports = 4
	EndGlobalSection
	GlobalSection(SolutionConfigurationPlatforms) = preSolution
		Ad-Hoc|Any CPU = Ad-Hoc|Any CPU
		Ad-Hoc|ARM = Ad-Hoc|ARM
		Ad-Hoc|iPhone = Ad-Hoc|iPhone
		Ad-Hoc|iPhoneSimulator = Ad-Hoc|iPhoneSimulator
		Ad-Hoc|x64 = Ad-Hoc|x64
		Ad-Hoc|x86 = Ad-Hoc|x86
		AppStore|Any CPU = AppStore|Any CPU
		AppStore|ARM = AppStore|ARM
		AppStore|iPhone = AppStore|iPhone
		AppStore|iPhoneSimulator = AppStore|iPhoneSimulator
		AppStore|x64 = AppStore|x64
		AppStore|x86 = AppStore|x86
		Debug|Any CPU = Debug|Any CPU
		Debug|ARM = Debug|ARM
		Debug|iPhone = Debug|iPhone
		Debug|iPhoneSimulator = Debug|iPhoneSimulator
		Debug|x64 = Debug|x64
		Debug|x86 = Debug|x86
		Release|Any CPU = Release|Any CPU
		Release|ARM = Release|ARM
		Release|iPhone = Release|iPhone
		Release|iPhoneSimulator = Release|iPhoneSimulator
		Release|x64 = Release|x64
		Release|x86 = Release|x86
	EndGlobalSection
	GlobalSection(ProjectConfigurationPlatforms) = postSolution
		{B3132BF3-70AF-47D4-B203-1F38D9B79CFF}.Ad-Hoc|Any CPU.ActiveCfg = Release|Any CPU
		{B3132BF3-70AF-47D4-B203-1F38D9B79CFF}.Ad-Hoc|Any CPU.Build.0 = Release|Any CPU
		{B3132BF3-70AF-47D4-B203-1F38D9B79CFF}.Ad-Hoc|Any CPU.Deploy.0 = Release|Any CPU
		{B3132BF3-70AF-47D4-B203-1F38D9B79CFF}.Ad-Hoc|ARM.ActiveCfg = Release|Any CPU
		{B3132BF3-70AF-47D4-B203-1F38D9B79CFF}.Ad-Hoc|ARM.Build.0 = Release|Any CPU
		{B3132BF3-70AF-47D4-B203-1F38D9B79CFF}.Ad-Hoc|ARM.Deploy.0 = Release|Any CPU
		{B3132BF3-70AF-47D4-B203-1F38D9B79CFF}.Ad-Hoc|iPhone.ActiveCfg = Release|Any CPU
		{B3132BF3-70AF-47D4-B203-1F38D9B79CFF}.Ad-Hoc|iPhone.Build.0 = Release|Any CPU
		{B3132BF3-70AF-47D4-B203-1F38D9B79CFF}.Ad-Hoc|iPhone.Deploy.0 = Release|Any CPU
		{B3132BF3-70AF-47D4-B203-1F38D9B79CFF}.Ad-Hoc|iPhoneSimulator.ActiveCfg = Release|Any CPU
		{B3132BF3-70AF-47D4-B203-1F38D9B79CFF}.Ad-Hoc|iPhoneSimulator.Build.0 = Release|Any CPU
		{B3132BF3-70AF-47D4-B203-1F38D9B79CFF}.Ad-Hoc|iPhoneSimulator.Deploy.0 = Release|Any CPU
		{B3132BF3-70AF-47D4-B203-1F38D9B79CFF}.Ad-Hoc|x64.ActiveCfg = Release|Any CPU
		{B3132BF3-70AF-47D4-B203-1F38D9B79CFF}.Ad-Hoc|x64.Build.0 = Release|Any CPU
		{B3132BF3-70AF-47D4-B203-1F38D9B79CFF}.Ad-Hoc|x64.Deploy.0 = Release|Any CPU
		{B3132BF3-70AF-47D4-B203-1F38D9B79CFF}.Ad-Hoc|x86.ActiveCfg = Release|Any CPU
		{B3132BF3-70AF-47D4-B203-1F38D9B79CFF}.Ad-Hoc|x86.Build.0 = Release|Any CPU
		{B3132BF3-70AF-47D4-B203-1F38D9B79CFF}.Ad-Hoc|x86.Deploy.0 = Release|Any CPU
		{B3132BF3-70AF-47D4-B203-1F38D9B79CFF}.AppStore|Any CPU.ActiveCfg = Release|Any CPU
		{B3132BF3-70AF-47D4-B203-1F38D9B79CFF}.AppStore|Any CPU.Build.0 = Release|Any CPU
		{B3132BF3-70AF-47D4-B203-1F38D9B79CFF}.AppStore|Any CPU.Deploy.0 = Release|Any CPU
		{B3132BF3-70AF-47D4-B203-1F38D9B79CFF}.AppStore|ARM.ActiveCfg = Release|Any CPU
		{B3132BF3-70AF-47D4-B203-1F38D9B79CFF}.AppStore|ARM.Build.0 = Release|Any CPU
		{B3132BF3-70AF-47D4-B203-1F38D9B79CFF}.AppStore|ARM.Deploy.0 = Release|Any CPU
		{B3132BF3-70AF-47D4-B203-1F38D9B79CFF}.AppStore|iPhone.ActiveCfg = Release|Any CPU
		{B3132BF3-70AF-47D4-B203-1F38D9B79CFF}.AppStore|iPhone.Build.0 = Release|Any CPU
		{B3132BF3-70AF-47D4-B203-1F38D9B79CFF}.AppStore|iPhone.Deploy.0 = Release|Any CPU
		{B3132BF3-70AF-47D4-B203-1F38D9B79CFF}.AppStore|iPhoneSimulator.ActiveCfg = Release|Any CPU
		{B3132BF3-70AF-47D4-B203-1F38D9B79CFF}.AppStore|iPhoneSimulator.Build.0 = Release|Any CPU
		{B3132BF3-70AF-47D4-B203-1F38D9B79CFF}.AppStore|iPhoneSimulator.Deploy.0 = Release|Any CPU
		{B3132BF3-70AF-47D4-B203-1F38D9B79CFF}.AppStore|x64.ActiveCfg = Release|Any CPU
		{B3132BF3-70AF-47D4-B203-1F38D9B79CFF}.AppStore|x64.Build.0 = Release|Any CPU
		{B3132BF3-70AF-47D4-B203-1F38D9B79CFF}.AppStore|x64.Deploy.0 = Release|Any CPU
		{B3132BF3-70AF-47D4-B203-1F38D9B79CFF}.AppStore|x86.ActiveCfg = Release|Any CPU
		{B3132BF3-70AF-47D4-B203-1F38D9B79CFF}.AppStore|x86.Build.0 = Release|Any CPU
		{B3132BF3-70AF-47D4-B203-1F38D9B79CFF}.AppStore|x86.Deploy.0 = Release|Any CPU
		{B3132BF3-70AF-47D4-B203-1F38D9B79CFF}.Debug|Any CPU.ActiveCfg = Debug|Any CPU
		{B3132BF3-70AF-47D4-B203-1F38D9B79CFF}.Debug|Any CPU.Build.0 = Debug|Any CPU
		{B3132BF3-70AF-47D4-B203-1F38D9B79CFF}.Debug|Any CPU.Deploy.0 = Debug|Any CPU
		{B3132BF3-70AF-47D4-B203-1F38D9B79CFF}.Debug|ARM.ActiveCfg = Debug|Any CPU
		{B3132BF3-70AF-47D4-B203-1F38D9B79CFF}.Debug|ARM.Build.0 = Debug|Any CPU
		{B3132BF3-70AF-47D4-B203-1F38D9B79CFF}.Debug|ARM.Deploy.0 = Debug|Any CPU
		{B3132BF3-70AF-47D4-B203-1F38D9B79CFF}.Debug|iPhone.ActiveCfg = Debug|Any CPU
		{B3132BF3-70AF-47D4-B203-1F38D9B79CFF}.Debug|iPhone.Build.0 = Debug|Any CPU
		{B3132BF3-70AF-47D4-B203-1F38D9B79CFF}.Debug|iPhone.Deploy.0 = Debug|Any CPU
		{B3132BF3-70AF-47D4-B203-1F38D9B79CFF}.Debug|iPhoneSimulator.ActiveCfg = Debug|Any CPU
		{B3132BF3-70AF-47D4-B203-1F38D9B79CFF}.Debug|iPhoneSimulator.Build.0 = Debug|Any CPU
		{B3132BF3-70AF-47D4-B203-1F38D9B79CFF}.Debug|iPhoneSimulator.Deploy.0 = Debug|Any CPU
		{B3132BF3-70AF-47D4-B203-1F38D9B79CFF}.Debug|x64.ActiveCfg = Debug|Any CPU
		{B3132BF3-70AF-47D4-B203-1F38D9B79CFF}.Debug|x64.Build.0 = Debug|Any CPU
		{B3132BF3-70AF-47D4-B203-1F38D9B79CFF}.Debug|x64.Deploy.0 = Debug|Any CPU
		{B3132BF3-70AF-47D4-B203-1F38D9B79CFF}.Debug|x86.ActiveCfg = Debug|Any CPU
		{B3132BF3-70AF-47D4-B203-1F38D9B79CFF}.Debug|x86.Build.0 = Debug|Any CPU
		{B3132BF3-70AF-47D4-B203-1F38D9B79CFF}.Debug|x86.Deploy.0 = Debug|Any CPU
		{B3132BF3-70AF-47D4-B203-1F38D9B79CFF}.Release|Any CPU.ActiveCfg = Release|Any CPU
		{B3132BF3-70AF-47D4-B203-1F38D9B79CFF}.Release|Any CPU.Build.0 = Release|Any CPU
		{B3132BF3-70AF-47D4-B203-1F38D9B79CFF}.Release|Any CPU.Deploy.0 = Release|Any CPU
		{B3132BF3-70AF-47D4-B203-1F38D9B79CFF}.Release|ARM.ActiveCfg = Release|Any CPU
		{B3132BF3-70AF-47D4-B203-1F38D9B79CFF}.Release|ARM.Build.0 = Release|Any CPU
		{B3132BF3-70AF-47D4-B203-1F38D9B79CFF}.Release|ARM.Deploy.0 = Release|Any CPU
		{B3132BF3-70AF-47D4-B203-1F38D9B79CFF}.Release|iPhone.ActiveCfg = Release|Any CPU
		{B3132BF3-70AF-47D4-B203-1F38D9B79CFF}.Release|iPhone.Build.0 = Release|Any CPU
		{B3132BF3-70AF-47D4-B203-1F38D9B79CFF}.Release|iPhone.Deploy.0 = Release|Any CPU
		{B3132BF3-70AF-47D4-B203-1F38D9B79CFF}.Release|iPhoneSimulator.ActiveCfg = Release|Any CPU
		{B3132BF3-70AF-47D4-B203-1F38D9B79CFF}.Release|iPhoneSimulator.Build.0 = Release|Any CPU
		{B3132BF3-70AF-47D4-B203-1F38D9B79CFF}.Release|iPhoneSimulator.Deploy.0 = Release|Any CPU
		{B3132BF3-70AF-47D4-B203-1F38D9B79CFF}.Release|x64.ActiveCfg = Release|Any CPU
		{B3132BF3-70AF-47D4-B203-1F38D9B79CFF}.Release|x64.Build.0 = Release|Any CPU
		{B3132BF3-70AF-47D4-B203-1F38D9B79CFF}.Release|x64.Deploy.0 = Release|Any CPU
		{B3132BF3-70AF-47D4-B203-1F38D9B79CFF}.Release|x86.ActiveCfg = Release|Any CPU
		{B3132BF3-70AF-47D4-B203-1F38D9B79CFF}.Release|x86.Build.0 = Release|Any CPU
		{B3132BF3-70AF-47D4-B203-1F38D9B79CFF}.Release|x86.Deploy.0 = Release|Any CPU
		{7E107432-71CC-4890-800D-23B2A051A61B}.Ad-Hoc|Any CPU.ActiveCfg = Ad-Hoc|iPhone
		{7E107432-71CC-4890-800D-23B2A051A61B}.Ad-Hoc|ARM.ActiveCfg = Ad-Hoc|iPhone
		{7E107432-71CC-4890-800D-23B2A051A61B}.Ad-Hoc|iPhone.ActiveCfg = Ad-Hoc|iPhone
		{7E107432-71CC-4890-800D-23B2A051A61B}.Ad-Hoc|iPhone.Build.0 = Ad-Hoc|iPhone
		{7E107432-71CC-4890-800D-23B2A051A61B}.Ad-Hoc|iPhoneSimulator.ActiveCfg = Ad-Hoc|iPhoneSimulator
		{7E107432-71CC-4890-800D-23B2A051A61B}.Ad-Hoc|iPhoneSimulator.Build.0 = Ad-Hoc|iPhoneSimulator
		{7E107432-71CC-4890-800D-23B2A051A61B}.Ad-Hoc|x64.ActiveCfg = Ad-Hoc|iPhone
		{7E107432-71CC-4890-800D-23B2A051A61B}.Ad-Hoc|x86.ActiveCfg = Ad-Hoc|iPhone
		{7E107432-71CC-4890-800D-23B2A051A61B}.AppStore|Any CPU.ActiveCfg = AppStore|iPhone
		{7E107432-71CC-4890-800D-23B2A051A61B}.AppStore|ARM.ActiveCfg = AppStore|iPhone
		{7E107432-71CC-4890-800D-23B2A051A61B}.AppStore|iPhone.ActiveCfg = AppStore|iPhone
		{7E107432-71CC-4890-800D-23B2A051A61B}.AppStore|iPhone.Build.0 = AppStore|iPhone
		{7E107432-71CC-4890-800D-23B2A051A61B}.AppStore|iPhoneSimulator.ActiveCfg = AppStore|iPhoneSimulator
		{7E107432-71CC-4890-800D-23B2A051A61B}.AppStore|iPhoneSimulator.Build.0 = AppStore|iPhoneSimulator
		{7E107432-71CC-4890-800D-23B2A051A61B}.AppStore|x64.ActiveCfg = AppStore|iPhone
		{7E107432-71CC-4890-800D-23B2A051A61B}.AppStore|x86.ActiveCfg = AppStore|iPhone
		{7E107432-71CC-4890-800D-23B2A051A61B}.Debug|Any CPU.ActiveCfg = Debug|iPhone
		{7E107432-71CC-4890-800D-23B2A051A61B}.Debug|ARM.ActiveCfg = Debug|iPhone
		{7E107432-71CC-4890-800D-23B2A051A61B}.Debug|iPhone.ActiveCfg = Debug|iPhone
		{7E107432-71CC-4890-800D-23B2A051A61B}.Debug|iPhone.Build.0 = Debug|iPhone
		{7E107432-71CC-4890-800D-23B2A051A61B}.Debug|iPhoneSimulator.ActiveCfg = Debug|iPhoneSimulator
		{7E107432-71CC-4890-800D-23B2A051A61B}.Debug|iPhoneSimulator.Build.0 = Debug|iPhoneSimulator
		{7E107432-71CC-4890-800D-23B2A051A61B}.Debug|x64.ActiveCfg = Debug|iPhone
		{7E107432-71CC-4890-800D-23B2A051A61B}.Debug|x86.ActiveCfg = Debug|iPhone
		{7E107432-71CC-4890-800D-23B2A051A61B}.Release|Any CPU.ActiveCfg = Release|iPhone
		{7E107432-71CC-4890-800D-23B2A051A61B}.Release|ARM.ActiveCfg = Release|iPhone
		{7E107432-71CC-4890-800D-23B2A051A61B}.Release|iPhone.ActiveCfg = Release|iPhone
		{7E107432-71CC-4890-800D-23B2A051A61B}.Release|iPhone.Build.0 = Release|iPhone
		{7E107432-71CC-4890-800D-23B2A051A61B}.Release|iPhoneSimulator.ActiveCfg = Release|iPhoneSimulator
		{7E107432-71CC-4890-800D-23B2A051A61B}.Release|iPhoneSimulator.Build.0 = Release|iPhoneSimulator
		{7E107432-71CC-4890-800D-23B2A051A61B}.Release|x64.ActiveCfg = Release|iPhone
		{7E107432-71CC-4890-800D-23B2A051A61B}.Release|x86.ActiveCfg = Release|iPhone
		{C242F6B1-9CEC-4FF4-B9E1-C7395F1F4014}.Ad-Hoc|Any CPU.ActiveCfg = Release|x86
		{C242F6B1-9CEC-4FF4-B9E1-C7395F1F4014}.Ad-Hoc|Any CPU.Build.0 = Release|x86
		{C242F6B1-9CEC-4FF4-B9E1-C7395F1F4014}.Ad-Hoc|Any CPU.Deploy.0 = Release|x86
		{C242F6B1-9CEC-4FF4-B9E1-C7395F1F4014}.Ad-Hoc|ARM.ActiveCfg = Release|ARM
		{C242F6B1-9CEC-4FF4-B9E1-C7395F1F4014}.Ad-Hoc|ARM.Build.0 = Release|ARM
		{C242F6B1-9CEC-4FF4-B9E1-C7395F1F4014}.Ad-Hoc|ARM.Deploy.0 = Release|ARM
		{C242F6B1-9CEC-4FF4-B9E1-C7395F1F4014}.Ad-Hoc|iPhone.ActiveCfg = Release|x86
		{C242F6B1-9CEC-4FF4-B9E1-C7395F1F4014}.Ad-Hoc|iPhone.Build.0 = Release|x86
		{C242F6B1-9CEC-4FF4-B9E1-C7395F1F4014}.Ad-Hoc|iPhone.Deploy.0 = Release|x86
		{C242F6B1-9CEC-4FF4-B9E1-C7395F1F4014}.Ad-Hoc|iPhoneSimulator.ActiveCfg = Release|x86
		{C242F6B1-9CEC-4FF4-B9E1-C7395F1F4014}.Ad-Hoc|iPhoneSimulator.Build.0 = Release|x86
		{C242F6B1-9CEC-4FF4-B9E1-C7395F1F4014}.Ad-Hoc|iPhoneSimulator.Deploy.0 = Release|x86
		{C242F6B1-9CEC-4FF4-B9E1-C7395F1F4014}.Ad-Hoc|x64.ActiveCfg = Release|x64
		{C242F6B1-9CEC-4FF4-B9E1-C7395F1F4014}.Ad-Hoc|x64.Build.0 = Release|x64
		{C242F6B1-9CEC-4FF4-B9E1-C7395F1F4014}.Ad-Hoc|x64.Deploy.0 = Release|x64
		{C242F6B1-9CEC-4FF4-B9E1-C7395F1F4014}.Ad-Hoc|x86.ActiveCfg = Release|x86
		{C242F6B1-9CEC-4FF4-B9E1-C7395F1F4014}.Ad-Hoc|x86.Build.0 = Release|x86
		{C242F6B1-9CEC-4FF4-B9E1-C7395F1F4014}.Ad-Hoc|x86.Deploy.0 = Release|x86
		{C242F6B1-9CEC-4FF4-B9E1-C7395F1F4014}.AppStore|Any CPU.ActiveCfg = Release|x86
		{C242F6B1-9CEC-4FF4-B9E1-C7395F1F4014}.AppStore|Any CPU.Build.0 = Release|x86
		{C242F6B1-9CEC-4FF4-B9E1-C7395F1F4014}.AppStore|Any CPU.Deploy.0 = Release|x86
		{C242F6B1-9CEC-4FF4-B9E1-C7395F1F4014}.AppStore|ARM.ActiveCfg = Release|ARM
		{C242F6B1-9CEC-4FF4-B9E1-C7395F1F4014}.AppStore|ARM.Build.0 = Release|ARM
		{C242F6B1-9CEC-4FF4-B9E1-C7395F1F4014}.AppStore|ARM.Deploy.0 = Release|ARM
		{C242F6B1-9CEC-4FF4-B9E1-C7395F1F4014}.AppStore|iPhone.ActiveCfg = Release|x86
		{C242F6B1-9CEC-4FF4-B9E1-C7395F1F4014}.AppStore|iPhone.Build.0 = Release|x86
		{C242F6B1-9CEC-4FF4-B9E1-C7395F1F4014}.AppStore|iPhone.Deploy.0 = Release|x86
		{C242F6B1-9CEC-4FF4-B9E1-C7395F1F4014}.AppStore|iPhoneSimulator.ActiveCfg = Release|x86
		{C242F6B1-9CEC-4FF4-B9E1-C7395F1F4014}.AppStore|iPhoneSimulator.Build.0 = Release|x86
		{C242F6B1-9CEC-4FF4-B9E1-C7395F1F4014}.AppStore|iPhoneSimulator.Deploy.0 = Release|x86
		{C242F6B1-9CEC-4FF4-B9E1-C7395F1F4014}.AppStore|x64.ActiveCfg = Release|x64
		{C242F6B1-9CEC-4FF4-B9E1-C7395F1F4014}.AppStore|x64.Build.0 = Release|x64
		{C242F6B1-9CEC-4FF4-B9E1-C7395F1F4014}.AppStore|x64.Deploy.0 = Release|x64
		{C242F6B1-9CEC-4FF4-B9E1-C7395F1F4014}.AppStore|x86.ActiveCfg = Release|x86
		{C242F6B1-9CEC-4FF4-B9E1-C7395F1F4014}.AppStore|x86.Build.0 = Release|x86
		{C242F6B1-9CEC-4FF4-B9E1-C7395F1F4014}.AppStore|x86.Deploy.0 = Release|x86
		{C242F6B1-9CEC-4FF4-B9E1-C7395F1F4014}.Debug|Any CPU.ActiveCfg = Debug|x86
		{C242F6B1-9CEC-4FF4-B9E1-C7395F1F4014}.Debug|ARM.ActiveCfg = Debug|ARM
		{C242F6B1-9CEC-4FF4-B9E1-C7395F1F4014}.Debug|ARM.Build.0 = Debug|ARM
		{C242F6B1-9CEC-4FF4-B9E1-C7395F1F4014}.Debug|ARM.Deploy.0 = Debug|ARM
		{C242F6B1-9CEC-4FF4-B9E1-C7395F1F4014}.Debug|iPhone.ActiveCfg = Debug|x86
		{C242F6B1-9CEC-4FF4-B9E1-C7395F1F4014}.Debug|iPhoneSimulator.ActiveCfg = Debug|x86
		{C242F6B1-9CEC-4FF4-B9E1-C7395F1F4014}.Debug|x64.ActiveCfg = Debug|x64
		{C242F6B1-9CEC-4FF4-B9E1-C7395F1F4014}.Debug|x64.Build.0 = Debug|x64
		{C242F6B1-9CEC-4FF4-B9E1-C7395F1F4014}.Debug|x64.Deploy.0 = Debug|x64
		{C242F6B1-9CEC-4FF4-B9E1-C7395F1F4014}.Debug|x86.ActiveCfg = Debug|x86
		{C242F6B1-9CEC-4FF4-B9E1-C7395F1F4014}.Debug|x86.Build.0 = Debug|x86
		{C242F6B1-9CEC-4FF4-B9E1-C7395F1F4014}.Debug|x86.Deploy.0 = Debug|x86
		{C242F6B1-9CEC-4FF4-B9E1-C7395F1F4014}.Release|Any CPU.ActiveCfg = Release|x86
		{C242F6B1-9CEC-4FF4-B9E1-C7395F1F4014}.Release|ARM.ActiveCfg = Release|ARM
		{C242F6B1-9CEC-4FF4-B9E1-C7395F1F4014}.Release|ARM.Build.0 = Release|ARM
		{C242F6B1-9CEC-4FF4-B9E1-C7395F1F4014}.Release|ARM.Deploy.0 = Release|ARM
		{C242F6B1-9CEC-4FF4-B9E1-C7395F1F4014}.Release|iPhone.ActiveCfg = Release|x86
		{C242F6B1-9CEC-4FF4-B9E1-C7395F1F4014}.Release|iPhoneSimulator.ActiveCfg = Release|x86
		{C242F6B1-9CEC-4FF4-B9E1-C7395F1F4014}.Release|x64.ActiveCfg = Release|x64
		{C242F6B1-9CEC-4FF4-B9E1-C7395F1F4014}.Release|x64.Build.0 = Release|x64
		{C242F6B1-9CEC-4FF4-B9E1-C7395F1F4014}.Release|x64.Deploy.0 = Release|x64
		{C242F6B1-9CEC-4FF4-B9E1-C7395F1F4014}.Release|x86.ActiveCfg = Release|x86
		{C242F6B1-9CEC-4FF4-B9E1-C7395F1F4014}.Release|x86.Build.0 = Release|x86
		{C242F6B1-9CEC-4FF4-B9E1-C7395F1F4014}.Release|x86.Deploy.0 = Release|x86
	EndGlobalSection
	GlobalSection(SolutionProperties) = preSolution
		HideSolutionNode = FALSE
	EndGlobalSection
EndGlobal
